
Microsoft Visual Studio Solution File, Format Version 12.00
# Visual Studio Version 17
VisualStudioVersion = 17.7.34031.279
MinimumVisualStudioVersion = 10.0.40219.1
Project("{FAE04EC0-301F-11D3-BF4B-00C04F79EFBC}") = "Ket noi database", "Ket noi database\Ket noi database.csproj", "{1A8013B8-D5E7-400F-97A2-DECA76AC4E0D}"
EndProject
Global
	GlobalSection(SolutionConfigurationPlatforms) = preSolution
		Debug|Any CPU = Debug|Any CPU
		Release|Any CPU = Release|Any CPU
	EndGlobalSection
	GlobalSection(ProjectConfigurationPlatforms) = postSolution
		{1A8013B8-D5E7-400F-97A2-DECA76AC4E0D}.Debug|Any CPU.ActiveCfg = Debug|Any CPU
		{1A8013B8-D5E7-400F-97A2-DECA76AC4E0D}.Debug|Any CPU.Build.0 = Debug|Any CPU
		{1A8013B8-D5E7-400F-97A2-DECA76AC4E0D}.Release|Any CPU.ActiveCfg = Release|Any CPU
		{1A8013B8-D5E7-400F-97A2-DECA76AC4E0D}.Release|Any CPU.Build.0 = Release|Any CPU
	EndGlobalSection
	GlobalSection(SolutionProperties) = preSolution
		HideSolutionNode = FALSE
	EndGlobalSection
	GlobalSection(ExtensibilityGlobals) = postSolution
		SolutionGuid = {19DE8A7B-E1AF-47E0-922B-8B833B2844F8}
	EndGlobalSection
EndGlobal
