
Microsoft Visual Studio Solution File, Format Version 12.00
# Visual Studio Version 17
VisualStudioVersion = 17.7.34024.191
MinimumVisualStudioVersion = 10.0.40219.1
Project("{FAE04EC0-301F-11D3-BF4B-00C04F79EFBC}") = "WinFormsApp2", "WinFormsApp2\WinFormsApp2.csproj", "{085AE658-583B-40CE-B4D6-F00624FB3CBB}"
EndProject
Global
	GlobalSection(SolutionConfigurationPlatforms) = preSolution
		Debug|Any CPU = Debug|Any CPU
		Release|Any CPU = Release|Any CPU
	EndGlobalSection
	GlobalSection(ProjectConfigurationPlatforms) = postSolution
		{085AE658-583B-40CE-B4D6-F00624FB3CBB}.Debug|Any CPU.ActiveCfg = Debug|Any CPU
		{085AE658-583B-40CE-B4D6-F00624FB3CBB}.Debug|Any CPU.Build.0 = Debug|Any CPU
		{085AE658-583B-40CE-B4D6-F00624FB3CBB}.Release|Any CPU.ActiveCfg = Release|Any CPU
		{085AE658-583B-40CE-B4D6-F00624FB3CBB}.Release|Any CPU.Build.0 = Release|Any CPU
	EndGlobalSection
	GlobalSection(SolutionProperties) = preSolution
		HideSolutionNode = FALSE
	EndGlobalSection
	GlobalSection(ExtensibilityGlobals) = postSolution
		SolutionGuid = {8BDD6542-142B-46CE-9C3A-986DA90B620E}
	EndGlobalSection
EndGlobal
